// !$*UTF8*$!
{
	archiveVersion = 1;
	classes = {
	};
	objectVersion = 50;
	objects = {

/* Begin PBXBuildFile section */
		82D754B324E46AE60022A88E /* AppDelegate.swift in Sources */ = {isa = PBXBuildFile; fileRef = 82D754B224E46AE60022A88E /* AppDelegate.swift */; };
		82D754B524E46AE60022A88E /* SceneDelegate.swift in Sources */ = {isa = PBXBuildFile; fileRef = 82D754B424E46AE60022A88E /* SceneDelegate.swift */; };
		82D754B724E46AE60022A88E /* ViewController.swift in Sources */ = {isa = PBXBuildFile; fileRef = 82D754B624E46AE60022A88E /* ViewController.swift */; };
		82D754BA24E46AE60022A88E /* Main.storyboard in Resources */ = {isa = PBXBuildFile; fileRef = 82D754B824E46AE60022A88E /* Main.storyboard */; };
		82D754BD24E46AE60022A88E /* coreDataDemo.xcdatamodeld in Sources */ = {isa = PBXBuildFile; fileRef = 82D754BB24E46AE60022A88E /* coreDataDemo.xcdatamodeld */; };
		82D754BF24E46AEA0022A88E /* Assets.xcassets in Resources */ = {isa = PBXBuildFile; fileRef = 82D754BE24E46AEA0022A88E /* Assets.xcassets */; };
		82D754C224E46AEA0022A88E /* LaunchScreen.storyboard in Resources */ = {isa = PBXBuildFile; fileRef = 82D754C024E46AEA0022A88E /* LaunchScreen.storyboard */; };
		82D754CD24E46AEA0022A88E /* coreDataDemoTests.swift in Sources */ = {isa = PBXBuildFile; fileRef = 82D754CC24E46AEA0022A88E /* coreDataDemoTests.swift */; };
		82D754D824E46AEA0022A88E /* coreDataDemoUITests.swift in Sources */ = {isa = PBXBuildFile; fileRef = 82D754D724E46AEA0022A88E /* coreDataDemoUITests.swift */; };
/* End PBXBuildFile section */

/* Begin PBXContainerItemProxy section */
		82D754C924E46AEA0022A88E /* PBXContainerItemProxy */ = {
			isa = PBXContainerItemProxy;
			containerPortal = 82D754A724E46AE60022A88E /* Project object */;
			proxyType = 1;
			remoteGlobalIDString = 82D754AE24E46AE60022A88E;
			remoteInfo = coreDataDemo;
		};
		82D754D424E46AEA0022A88E /* PBXContainerItemProxy */ = {
			isa = PBXContainerItemProxy;
			containerPortal = 82D754A724E46AE60022A88E /* Project object */;
			proxyType = 1;
			remoteGlobalIDString = 82D754AE24E46AE60022A88E;
			remoteInfo = coreDataDemo;
		};
/* End PBXContainerItemProxy section */

/* Begin PBXFileReference section */
		82D754AF24E46AE60022A88E /* coreDataDemo.app */ = {isa = PBXFileReference; explicitFileType = wrapper.application; includeInIndex = 0; path = coreDataDemo.app; sourceTree = BUILT_PRODUCTS_DIR; };
		82D754B224E46AE60022A88E /* AppDelegate.swift */ = {isa = PBXFileReference; lastKnownFileType = sourcecode.swift; path = AppDelegate.swift; sourceTree = "<group>"; };
		82D754B424E46AE60022A88E /* SceneDelegate.swift */ = {isa = PBXFileReference; lastKnownFileType = sourcecode.swift; path = SceneDelegate.swift; sourceTree = "<group>"; };
		82D754B624E46AE60022A88E /* ViewController.swift */ = {isa = PBXFileReference; lastKnownFileType = sourcecode.swift; path = ViewController.swift; sourceTree = "<group>"; };
		82D754B924E46AE60022A88E /* Base */ = {isa = PBXFileReference; lastKnownFileType = file.storyboard; name = Base; path = Base.lproj/Main.storyboard; sourceTree = "<group>"; };
		82D754BC24E46AE60022A88E /* coreDataDemo.xcdatamodel */ = {isa = PBXFileReference; lastKnownFileType = wrapper.xcdatamodel; path = coreDataDemo.xcdatamodel; sourceTree = "<group>"; };
		82D754BE24E46AEA0022A88E /* Assets.xcassets */ = {isa = PBXFileReference; lastKnownFileType = folder.assetcatalog; path = Assets.xcassets; sourceTree = "<group>"; };
		82D754C124E46AEA0022A88E /* Base */ = {isa = PBXFileReference; lastKnownFileType = file.storyboard; name = Base; path = Base.lproj/LaunchScreen.storyboard; sourceTree = "<group>"; };
		82D754C324E46AEA0022A88E /* Info.plist */ = {isa = PBXFileReference; lastKnownFileType = text.plist.xml; path = Info.plist; sourceTree = "<group>"; };
		82D754C824E46AEA0022A88E /* coreDataDemoTests.xctest */ = {isa = PBXFileReference; explicitFileType = wrapper.cfbundle; includeInIndex = 0; path = coreDataDemoTests.xctest; sourceTree = BUILT_PRODUCTS_DIR; };
		82D754CC24E46AEA0022A88E /* coreDataDemoTests.swift */ = {isa = PBXFileReference; lastKnownFileType = sourcecode.swift; path = coreDataDemoTests.swift; sourceTree = "<group>"; };
		82D754CE24E46AEA0022A88E /* Info.plist */ = {isa = PBXFileReference; lastKnownFileType = text.plist.xml; path = Info.plist; sourceTree = "<group>"; };
		82D754D324E46AEA0022A88E /* coreDataDemoUITests.xctest */ = {isa = PBXFileReference; explicitFileType = wrapper.cfbundle; includeInIndex = 0; path = coreDataDemoUITests.xctest; sourceTree = BUILT_PRODUCTS_DIR; };
		82D754D724E46AEA0022A88E /* coreDataDemoUITests.swift */ = {isa = PBXFileReference; lastKnownFileType = sourcecode.swift; path = coreDataDemoUITests.swift; sourceTree = "<group>"; };
		82D754D924E46AEA0022A88E /* Info.plist */ = {isa = PBXFileReference; lastKnownFileType = text.plist.xml; path = Info.plist; sourceTree = "<group>"; };
/* End PBXFileReference section */

/* Begin PBXFrameworksBuildPhase section */
		82D754AC24E46AE60022A88E /* Frameworks */ = {
			isa = PBXFrameworksBuildPhase;
			buildActionMask = 2147483647;
			files = (
			);
			runOnlyForDeploymentPostprocessing = 0;
		};
		82D754C524E46AEA0022A88E /* Frameworks */ = {
			isa = PBXFrameworksBuildPhase;
			buildActionMask = 2147483647;
			files = (
			);
			runOnlyForDeploymentPostprocessing = 0;
		};
		82D754D024E46AEA0022A88E /* Frameworks */ = {
			isa = PBXFrameworksBuildPhase;
			buildActionMask = 2147483647;
			files = (
			);
			runOnlyForDeploymentPostprocessing = 0;
		};
/* End PBXFrameworksBuildPhase section */

/* Begin PBXGroup section */
		82D754A624E46AE60022A88E = {
			isa = PBXGroup;
			children = (
				82D754B124E46AE60022A88E /* coreDataDemo */,
				82D754CB24E46AEA0022A88E /* coreDataDemoTests */,
				82D754D624E46AEA0022A88E /* coreDataDemoUITests */,
				82D754B024E46AE60022A88E /* Products */,
			);
			sourceTree = "<group>";
		};
		82D754B024E46AE60022A88E /* Products */ = {
			isa = PBXGroup;
			children = (
				82D754AF24E46AE60022A88E /* coreDataDemo.app */,
				82D754C824E46AEA0022A88E /* coreDataDemoTests.xctest */,
				82D754D324E46AEA0022A88E /* coreDataDemoUITests.xctest */,
			);
			name = Products;
			sourceTree = "<group>";
		};
		82D754B124E46AE60022A88E /* coreDataDemo */ = {
			isa = PBXGroup;
			children = (
				82D754B224E46AE60022A88E /* AppDelegate.swift */,
				82D754B424E46AE60022A88E /* SceneDelegate.swift */,
				82D754B624E46AE60022A88E /* ViewController.swift */,
				82D754B824E46AE60022A88E /* Main.storyboard */,
				82D754BE24E46AEA0022A88E /* Assets.xcassets */,
				82D754C024E46AEA0022A88E /* LaunchScreen.storyboard */,
				82D754C324E46AEA0022A88E /* Info.plist */,
				82D754BB24E46AE60022A88E /* coreDataDemo.xcdatamodeld */,
			);
			path = coreDataDemo;
			sourceTree = "<group>";
		};
		82D754CB24E46AEA0022A88E /* coreDataDemoTests */ = {
			isa = PBXGroup;
			children = (
				82D754CC24E46AEA0022A88E /* coreDataDemoTests.swift */,
				82D754CE24E46AEA0022A88E /* Info.plist */,
			);
			path = coreDataDemoTests;
			sourceTree = "<group>";
		};
		82D754D624E46AEA0022A88E /* coreDataDemoUITests */ = {
			isa = PBXGroup;
			children = (
				82D754D724E46AEA0022A88E /* coreDataDemoUITests.swift */,
				82D754D924E46AEA0022A88E /* Info.plist */,
			);
			path = coreDataDemoUITests;
			sourceTree = "<group>";
		};
/* End PBXGroup section */

/* Begin PBXNativeTarget section */
		82D754AE24E46AE60022A88E /* coreDataDemo */ = {
			isa = PBXNativeTarget;
			buildConfigurationList = 82D754DC24E46AEA0022A88E /* Build configuration list for PBXNativeTarget "coreDataDemo" */;
			buildPhases = (
				82D754AB24E46AE60022A88E /* Sources */,
				82D754AC24E46AE60022A88E /* Frameworks */,
				82D754AD24E46AE60022A88E /* Resources */,
			);
			buildRules = (
			);
			dependencies = (
			);
			name = coreDataDemo;
			productName = coreDataDemo;
			productReference = 82D754AF24E46AE60022A88E /* coreDataDemo.app */;
			productType = "com.apple.product-type.application";
		};
		82D754C724E46AEA0022A88E /* coreDataDemoTests */ = {
			isa = PBXNativeTarget;
			buildConfigurationList = 82D754DF24E46AEA0022A88E /* Build configuration list for PBXNativeTarget "coreDataDemoTests" */;
			buildPhases = (
				82D754C424E46AEA0022A88E /* Sources */,
				82D754C524E46AEA0022A88E /* Frameworks */,
				82D754C624E46AEA0022A88E /* Resources */,
			);
			buildRules = (
			);
			dependencies = (
				82D754CA24E46AEA0022A88E /* PBXTargetDependency */,
			);
			name = coreDataDemoTests;
			productName = coreDataDemoTests;
			productReference = 82D754C824E46AEA0022A88E /* coreDataDemoTests.xctest */;
			productType = "com.apple.product-type.bundle.unit-test";
		};
		82D754D224E46AEA0022A88E /* coreDataDemoUITests */ = {
			isa = PBXNativeTarget;
			buildConfigurationList = 82D754E224E46AEA0022A88E /* Build configuration list for PBXNativeTarget "coreDataDemoUITests" */;
			buildPhases = (
				82D754CF24E46AEA0022A88E /* Sources */,
				82D754D024E46AEA0022A88E /* Frameworks */,
				82D754D124E46AEA0022A88E /* Resources */,
			);
			buildRules = (
			);
			dependencies = (
				82D754D524E46AEA0022A88E /* PBXTargetDependency */,
			);
			name = coreDataDemoUITests;
			productName = coreDataDemoUITests;
			productReference = 82D754D324E46AEA0022A88E /* coreDataDemoUITests.xctest */;
			productType = "com.apple.product-type.bundle.ui-testing";
		};
/* End PBXNativeTarget section */

/* Begin PBXProject section */
		82D754A724E46AE60022A88E /* Project object */ = {
			isa = PBXProject;
			attributes = {
				LastSwiftUpdateCheck = 1150;
				LastUpgradeCheck = 1150;
				ORGANIZATIONNAME = "jose sanchez";
				TargetAttributes = {
					82D754AE24E46AE60022A88E = {
						CreatedOnToolsVersion = 11.5;
					};
					82D754C724E46AEA0022A88E = {
						CreatedOnToolsVersion = 11.5;
						TestTargetID = 82D754AE24E46AE60022A88E;
					};
					82D754D224E46AEA0022A88E = {
						CreatedOnToolsVersion = 11.5;
						TestTargetID = 82D754AE24E46AE60022A88E;
					};
				};
			};
			buildConfigurationList = 82D754AA24E46AE60022A88E /* Build configuration list for PBXProject "coreDataDemo" */;
			compatibilityVersion = "Xcode 9.3";
			developmentRegion = en;
			hasScannedForEncodings = 0;
			knownRegions = (
				en,
				Base,
			);
			mainGroup = 82D754A624E46AE60022A88E;
			productRefGroup = 82D754B024E46AE60022A88E /* Products */;
			projectDirPath = "";
			projectRoot = "";
			targets = (
				82D754AE24E46AE60022A88E /* coreDataDemo */,
				82D754C724E46AEA0022A88E /* coreDataDemoTests */,
				82D754D224E46AEA0022A88E /* coreDataDemoUITests */,
			);
		};
/* End PBXProject section */

/* Begin PBXResourcesBuildPhase section */
		82D754AD24E46AE60022A88E /* Resources */ = {
			isa = PBXResourcesBuildPhase;
			buildActionMask = 2147483647;
			files = (
				82D754C224E46AEA0022A88E /* LaunchScreen.storyboard in Resources */,
				82D754BF24E46AEA0022A88E /* Assets.xcassets in Resources */,
				82D754BA24E46AE60022A88E /* Main.storyboard in Resources */,
			);
			runOnlyForDeploymentPostprocessing = 0;
		};
		82D754C624E46AEA0022A88E /* Resources */ = {
			isa = PBXResourcesBuildPhase;
			buildActionMask = 2147483647;
			files = (
			);
			runOnlyForDeploymentPostprocessing = 0;
		};
		82D754D124E46AEA0022A88E /* Resources */ = {
			isa = PBXResourcesBuildPhase;
			buildActionMask = 2147483647;
			files = (
			);
			runOnlyForDeploymentPostprocessing = 0;
		};
/* End PBXResourcesBuildPhase section */

/* Begin PBXSourcesBuildPhase section */
		82D754AB24E46AE60022A88E /* Sources */ = {
			isa = PBXSourcesBuildPhase;
			buildActionMask = 2147483647;
			files = (
				82D754B724E46AE60022A88E /* ViewController.swift in Sources */,
				82D754BD24E46AE60022A88E /* coreDataDemo.xcdatamodeld in Sources */,
				82D754B324E46AE60022A88E /* AppDelegate.swift in Sources */,
				82D754B524E46AE60022A88E /* SceneDelegate.swift in Sources */,
			);
			runOnlyForDeploymentPostprocessing = 0;
		};
		82D754C424E46AEA0022A88E /* Sources */ = {
			isa = PBXSourcesBuildPhase;
			buildActionMask = 2147483647;
			files = (
				82D754CD24E46AEA0022A88E /* coreDataDemoTests.swift in Sources */,
			);
			runOnlyForDeploymentPostprocessing = 0;
		};
		82D754CF24E46AEA0022A88E /* Sources */ = {
			isa = PBXSourcesBuildPhase;
			buildActionMask = 2147483647;
			files = (
				82D754D824E46AEA0022A88E /* coreDataDemoUITests.swift in Sources */,
			);
			runOnlyForDeploymentPostprocessing = 0;
		};
/* End PBXSourcesBuildPhase section */

/* Begin PBXTargetDependency section */
		82D754CA24E46AEA0022A88E /* PBXTargetDependency */ = {
			isa = PBXTargetDependency;
			target = 82D754AE24E46AE60022A88E /* coreDataDemo */;
			targetProxy = 82D754C924E46AEA0022A88E /* PBXContainerItemProxy */;
		};
		82D754D524E46AEA0022A88E /* PBXTargetDependency */ = {
			isa = PBXTargetDependency;
			target = 82D754AE24E46AE60022A88E /* coreDataDemo */;
			targetProxy = 82D754D424E46AEA0022A88E /* PBXContainerItemProxy */;
		};
/* End PBXTargetDependency section */

/* Begin PBXVariantGroup section */
		82D754B824E46AE60022A88E /* Main.storyboard */ = {
			isa = PBXVariantGroup;
			children = (
				82D754B924E46AE60022A88E /* Base */,
			);
			name = Main.storyboard;
			sourceTree = "<group>";
		};
		82D754C024E46AEA0022A88E /* LaunchScreen.storyboard */ = {
			isa = PBXVariantGroup;
			children = (
				82D754C124E46AEA0022A88E /* Base */,
			);
			name = LaunchScreen.storyboard;
			sourceTree = "<group>";
		};
/* End PBXVariantGroup section */

/* Begin XCBuildConfiguration section */
		82D754DA24E46AEA0022A88E /* Debug */ = {
			isa = XCBuildConfiguration;
			buildSettings = {
				ALWAYS_SEARCH_USER_PATHS = NO;
				CLANG_ANALYZER_NONNULL = YES;
				CLANG_ANALYZER_NUMBER_OBJECT_CONVERSION = YES_AGGRESSIVE;
				CLANG_CXX_LANGUAGE_STANDARD = "gnu++14";
				CLANG_CXX_LIBRARY = "libc++";
				CLANG_ENABLE_MODULES = YES;
				CLANG_ENABLE_OBJC_ARC = YES;
				CLANG_ENABLE_OBJC_WEAK = YES;
				CLANG_WARN_BLOCK_CAPTURE_AUTORELEASING = YES;
				CLANG_WARN_BOOL_CONVERSION = YES;
				CLANG_WARN_COMMA = YES;
				CLANG_WARN_CONSTANT_CONVERSION = YES;
				CLANG_WARN_DEPRECATED_OBJC_IMPLEMENTATIONS = YES;
				CLANG_WARN_DIRECT_OBJC_ISA_USAGE = YES_ERROR;
				CLANG_WARN_DOCUMENTATION_COMMENTS = YES;
				CLANG_WARN_EMPTY_BODY = YES;
				CLANG_WARN_ENUM_CONVERSION = YES;
				CLANG_WARN_INFINITE_RECURSION = YES;
				CLANG_WARN_INT_CONVERSION = YES;
				CLANG_WARN_NON_LITERAL_NULL_CONVERSION = YES;
				CLANG_WARN_OBJC_IMPLICIT_RETAIN_SELF = YES;
				CLANG_WARN_OBJC_LITERAL_CONVERSION = YES;
				CLANG_WARN_OBJC_ROOT_CLASS = YES_ERROR;
				CLANG_WARN_RANGE_LOOP_ANALYSIS = YES;
				CLANG_WARN_STRICT_PROTOTYPES = YES;
				CLANG_WARN_SUSPICIOUS_MOVE = YES;
				CLANG_WARN_UNGUARDED_AVAILABILITY = YES_AGGRESSIVE;
				CLANG_WARN_UNREACHABLE_CODE = YES;
				CLANG_WARN__DUPLICATE_METHOD_MATCH = YES;
				COPY_PHASE_STRIP = NO;
				DEBUG_INFORMATION_FORMAT = dwarf;
				ENABLE_STRICT_OBJC_MSGSEND = YES;
				ENABLE_TESTABILITY = YES;
				GCC_C_LANGUAGE_STANDARD = gnu11;
				GCC_DYNAMIC_NO_PIC = NO;
				GCC_NO_COMMON_BLOCKS = YES;
				GCC_OPTIMIZATION_LEVEL = 0;
				GCC_PREPROCESSOR_DEFINITIONS = (
					"DEBUG=1",
					"$(inherited)",
				);
				GCC_WARN_64_TO_32_BIT_CONVERSION = YES;
				GCC_WARN_ABOUT_RETURN_TYPE = YES_ERROR;
				GCC_WARN_UNDECLARED_SELECTOR = YES;
				GCC_WARN_UNINITIALIZED_AUTOS = YES_AGGRESSIVE;
				GCC_WARN_UNUSED_FUNCTION = YES;
				GCC_WARN_UNUSED_VARIABLE = YES;
				IPHONEOS_DEPLOYMENT_TARGET = 13.5;
				MTL_ENABLE_DEBUG_INFO = INCLUDE_SOURCE;
				MTL_FAST_MATH = YES;
				ONLY_ACTIVE_ARCH = YES;
				SDKROOT = iphoneos;
				SWIFT_ACTIVE_COMPILATION_CONDITIONS = DEBUG;
				SWIFT_OPTIMIZATION_LEVEL = "-Onone";
			};
			name = Debug;
		};
		82D754DB24E46AEA0022A88E /* Release */ = {
			isa = XCBuildConfiguration;
			buildSettings = {
				ALWAYS_SEARCH_USER_PATHS = NO;
				CLANG_ANALYZER_NONNULL = YES;
				CLANG_ANALYZER_NUMBER_OBJECT_CONVERSION = YES_AGGRESSIVE;
				CLANG_CXX_LANGUAGE_STANDARD = "gnu++14";
				CLANG_CXX_LIBRARY = "libc++";
				CLANG_ENABLE_MODULES = YES;
				CLANG_ENABLE_OBJC_ARC = YES;
				CLANG_ENABLE_OBJC_WEAK = YES;
				CLANG_WARN_BLOCK_CAPTURE_AUTORELEASING = YES;
				CLANG_WARN_BOOL_CONVERSION = YES;
				CLANG_WARN_COMMA = YES;
				CLANG_WARN_CONSTANT_CONVERSION = YES;
				CLANG_WARN_DEPRECATED_OBJC_IMPLEMENTATIONS = YES;
				CLANG_WARN_DIRECT_OBJC_ISA_USAGE = YES_ERROR;
				CLANG_WARN_DOCUMENTATION_COMMENTS = YES;
				CLANG_WARN_EMPTY_BODY = YES;
				CLANG_WARN_ENUM_CONVERSION = YES;
				CLANG_WARN_INFINITE_RECURSION = YES;
				CLANG_WARN_INT_CONVERSION = YES;
				CLANG_WARN_NON_LITERAL_NULL_CONVERSION = YES;
				CLANG_WARN_OBJC_IMPLICIT_RETAIN_SELF = YES;
				CLANG_WARN_OBJC_LITERAL_CONVERSION = YES;
				CLANG_WARN_OBJC_ROOT_CLASS = YES_ERROR;
				CLANG_WARN_RANGE_LOOP_ANALYSIS = YES;
				CLANG_WARN_STRICT_PROTOTYPES = YES;
				CLANG_WARN_SUSPICIOUS_MOVE = YES;
				CLANG_WARN_UNGUARDED_AVAILABILITY = YES_AGGRESSIVE;
				CLANG_WARN_UNREACHABLE_CODE = YES;
				CLANG_WARN__DUPLICATE_METHOD_MATCH = YES;
				COPY_PHASE_STRIP = NO;
				DEBUG_INFORMATION_FORMAT = "dwarf-with-dsym";
				ENABLE_NS_ASSERTIONS = NO;
				ENABLE_STRICT_OBJC_MSGSEND = YES;
				GCC_C_LANGUAGE_STANDARD = gnu11;
				GCC_NO_COMMON_BLOCKS = YES;
				GCC_WARN_64_TO_32_BIT_CONVERSION = YES;
				GCC_WARN_ABOUT_RETURN_TYPE = YES_ERROR;
				GCC_WARN_UNDECLARED_SELECTOR = YES;
				GCC_WARN_UNINITIALIZED_AUTOS = YES_AGGRESSIVE;
				GCC_WARN_UNUSED_FUNCTION = YES;
				GCC_WARN_UNUSED_VARIABLE = YES;
				IPHONEOS_DEPLOYMENT_TARGET = 13.5;
				MTL_ENABLE_DEBUG_INFO = NO;
				MTL_FAST_MATH = YES;
				SDKROOT = iphoneos;
				SWIFT_COMPILATION_MODE = wholemodule;
				SWIFT_OPTIMIZATION_LEVEL = "-O";
				VALIDATE_PRODUCT = YES;
			};
			name = Release;
		};
		82D754DD24E46AEA0022A88E /* Debug */ = {
			isa = XCBuildConfiguration;
			buildSettings = {
				ASSETCATALOG_COMPILER_APPICON_NAME = AppIcon;
				CODE_SIGN_STYLE = Automatic;
				INFOPLIST_FILE = coreDataDemo/Info.plist;
				LD_RUNPATH_SEARCH_PATHS = (
					"$(inherited)",
					"@executable_path/Frameworks",
				);
				PRODUCT_BUNDLE_IDENTIFIER = dev.josesanchez.coreDataDemo;
				PRODUCT_NAME = "$(TARGET_NAME)";
				SWIFT_VERSION = 5.0;
				TARGETED_DEVICE_FAMILY = "1,2";
			};
			name = Debug;
		};
		82D754DE24E46AEA0022A88E /* Release */ = {
			isa = XCBuildConfiguration;
			buildSettings = {
				ASSETCATALOG_COMPILER_APPICON_NAME = AppIcon;
				CODE_SIGN_STYLE = Automatic;
				INFOPLIST_FILE = coreDataDemo/Info.plist;
				LD_RUNPATH_SEARCH_PATHS = (
					"$(inherited)",
					"@executable_path/Frameworks",
				);
				PRODUCT_BUNDLE_IDENTIFIER = dev.josesanchez.coreDataDemo;
				PRODUCT_NAME = "$(TARGET_NAME)";
				SWIFT_VERSION = 5.0;
				TARGETED_DEVICE_FAMILY = "1,2";
			};
			name = Release;
		};
		82D754E024E46AEA0022A88E /* Debug */ = {
			isa = XCBuildConfiguration;
			buildSettings = {
				ALWAYS_EMBED_SWIFT_STANDARD_LIBRARIES = YES;
				BUNDLE_LOADER = "$(TEST_HOST)";
				CODE_SIGN_STYLE = Automatic;
				INFOPLIST_FILE = coreDataDemoTests/Info.plist;
				IPHONEOS_DEPLOYMENT_TARGET = 13.5;
				LD_RUNPATH_SEARCH_PATHS = (
					"$(inherited)",
					"@executable_path/Frameworks",
					"@loader_path/Frameworks",
				);
				PRODUCT_BUNDLE_IDENTIFIER = dev.josesanchez.coreDataDemoTests;
				PRODUCT_NAME = "$(TARGET_NAME)";
				SWIFT_VERSION = 5.0;
				TARGETED_DEVICE_FAMILY = "1,2";
				TEST_HOST = "$(BUILT_PRODUCTS_DIR)/coreDataDemo.app/coreDataDemo";
			};
			name = Debug;
		};
		82D754E124E46AEA0022A88E /* Release */ = {
			isa = XCBuildConfiguration;
			buildSettings = {
				ALWAYS_EMBED_SWIFT_STANDARD_LIBRARIES = YES;
				BUNDLE_LOADER = "$(TEST_HOST)";
				CODE_SIGN_STYLE = Automatic;
				INFOPLIST_FILE = coreDataDemoTests/Info.plist;
				IPHONEOS_DEPLOYMENT_TARGET = 13.5;
				LD_RUNPATH_SEARCH_PATHS = (
					"$(inherited)",
					"@executable_path/Frameworks",
					"@loader_path/Frameworks",
				);
				PRODUCT_BUNDLE_IDENTIFIER = dev.josesanchez.coreDataDemoTests;
				PRODUCT_NAME = "$(TARGET_NAME)";
				SWIFT_VERSION = 5.0;
				TARGETED_DEVICE_FAMILY = "1,2";
				TEST_HOST = "$(BUILT_PRODUCTS_DIR)/coreDataDemo.app/coreDataDemo";
			};
			name = Release;
		};
		82D754E324E46AEA0022A88E /* Debug */ = {
			isa = XCBuildConfiguration;
			buildSettings = {
				ALWAYS_EMBED_SWIFT_STANDARD_LIBRARIES = YES;
				CODE_SIGN_STYLE = Automatic;
				INFOPLIST_FILE = coreDataDemoUITests/Info.plist;
				LD_RUNPATH_SEARCH_PATHS = (
					"$(inherited)",
					"@executable_path/Frameworks",
					"@loader_path/Frameworks",
				);
				PRODUCT_BUNDLE_IDENTIFIER = dev.josesanchez.coreDataDemoUITests;
				PRODUCT_NAME = "$(TARGET_NAME)";
				SWIFT_VERSION = 5.0;
				TARGETED_DEVICE_FAMILY = "1,2";
				TEST_TARGET_NAME = coreDataDemo;
			};
			name = Debug;
		};
		82D754E424E46AEA0022A88E /* Release */ = {
			isa = XCBuildConfiguration;
			buildSettings = {
				ALWAYS_EMBED_SWIFT_STANDARD_LIBRARIES = YES;
				CODE_SIGN_STYLE = Automatic;
				INFOPLIST_FILE = coreDataDemoUITests/Info.plist;
				LD_RUNPATH_SEARCH_PATHS = (
					"$(inherited)",
					"@executable_path/Frameworks",
					"@loader_path/Frameworks",
				);
				PRODUCT_BUNDLE_IDENTIFIER = dev.josesanchez.coreDataDemoUITests;
				PRODUCT_NAME = "$(TARGET_NAME)";
				SWIFT_VERSION = 5.0;
				TARGETED_DEVICE_FAMILY = "1,2";
				TEST_TARGET_NAME = coreDataDemo;
			};
			name = Release;
		};
/* End XCBuildConfiguration section */

/* Begin XCConfigurationList section */
		82D754AA24E46AE60022A88E /* Build configuration list for PBXProject "coreDataDemo" */ = {
			isa = XCConfigurationList;
			buildConfigurations = (
				82D754DA24E46AEA0022A88E /* Debug */,
				82D754DB24E46AEA0022A88E /* Release */,
			);
			defaultConfigurationIsVisible = 0;
			defaultConfigurationName = Release;
		};
		82D754DC24E46AEA0022A88E /* Build configuration list for PBXNativeTarget "coreDataDemo" */ = {
			isa = XCConfigurationList;
			buildConfigurations = (
				82D754DD24E46AEA0022A88E /* Debug */,
				82D754DE24E46AEA0022A88E /* Release */,
			);
			defaultConfigurationIsVisible = 0;
			defaultConfigurationName = Release;
		};
		82D754DF24E46AEA0022A88E /* Build configuration list for PBXNativeTarget "coreDataDemoTests" */ = {
			isa = XCConfigurationList;
			buildConfigurations = (
				82D754E024E46AEA0022A88E /* Debug */,
				82D754E124E46AEA0022A88E /* Release */,
			);
			defaultConfigurationIsVisible = 0;
			defaultConfigurationName = Release;
		};
		82D754E224E46AEA0022A88E /* Build configuration list for PBXNativeTarget "coreDataDemoUITests" */ = {
			isa = XCConfigurationList;
			buildConfigurations = (
				82D754E324E46AEA0022A88E /* Debug */,
				82D754E424E46AEA0022A88E /* Release */,
			);
			defaultConfigurationIsVisible = 0;
			defaultConfigurationName = Release;
		};
/* End XCConfigurationList section */

/* Begin XCVersionGroup section */
		82D754BB24E46AE60022A88E /* coreDataDemo.xcdatamodeld */ = {
			isa = XCVersionGroup;
			children = (
				82D754BC24E46AE60022A88E /* coreDataDemo.xcdatamodel */,
			);
			currentVersion = 82D754BC24E46AE60022A88E /* coreDataDemo.xcdatamodel */;
			path = coreDataDemo.xcdatamodeld;
			sourceTree = "<group>";
			versionGroupType = wrapper.xcdatamodel;
		};
/* End XCVersionGroup section */
	};
	rootObject = 82D754A724E46AE60022A88E /* Project object */;
}
